// !$*UTF8*$!
{
	archiveVersion = 1;
	classes = {
	};
	objectVersion = 50;
	objects = {

/* Begin PBXBuildFile section */
		465D38B026C62E0000CD3A73 /* LanguageOptionCollectionViewCell.swift in Sources */ = {isa = PBXBuildFile; fileRef = 465D38AF26C62E0000CD3A73 /* LanguageOptionCollectionViewCell.swift */; };
		465D38BD26C669CE00CD3A73 /* LanguageView.xib in Resources */ = {isa = PBXBuildFile; fileRef = 465D38BC26C669CE00CD3A73 /* LanguageView.xib */; };
		465D38C026C669D900CD3A73 /* LanguageView.swift in Sources */ = {isa = PBXBuildFile; fileRef = 465D38BF26C669D900CD3A73 /* LanguageView.swift */; };
		465D38CE26C66BF400CD3A73 /* SegmentControlView.xib in Resources */ = {isa = PBXBuildFile; fileRef = 465D38CD26C66BF400CD3A73 /* SegmentControlView.xib */; };
		465D38D126C66BFF00CD3A73 /* SegmentControlView.swift in Sources */ = {isa = PBXBuildFile; fileRef = 465D38D026C66BFF00CD3A73 /* SegmentControlView.swift */; };
		469A4E0E26CA1C0400EF55D5 /* RatingView.swift in Sources */ = {isa = PBXBuildFile; fileRef = 469A4E0D26CA1C0300EF55D5 /* RatingView.swift */; };
		469A4E2126CA3DE900EF55D5 /* CustomAlertViewController.swift in Sources */ = {isa = PBXBuildFile; fileRef = 469A4E2026CA3DE900EF55D5 /* CustomAlertViewController.swift */; };
		469A4E2426CA3F8E00EF55D5 /* BaseViewController.swift in Sources */ = {isa = PBXBuildFile; fileRef = 469A4E2326CA3F8E00EF55D5 /* BaseViewController.swift */; };
		7683253426C25635005CF6F5 /* GenreList.swift in Sources */ = {isa = PBXBuildFile; fileRef = 7683253326C25635005CF6F5 /* GenreList.swift */; };
		7683253626C25641005CF6F5 /* MovieList.swift in Sources */ = {isa = PBXBuildFile; fileRef = 7683253526C25641005CF6F5 /* MovieList.swift */; };
		7683253826C2567D005CF6F5 /* MovieDescription.swift in Sources */ = {isa = PBXBuildFile; fileRef = 7683253726C2567D005CF6F5 /* MovieDescription.swift */; };
		7683253B26C25E5B005CF6F5 /* GenreImageUrl.swift in Sources */ = {isa = PBXBuildFile; fileRef = 7683253A26C25E5B005CF6F5 /* GenreImageUrl.swift */; };
		7683253D26C26580005CF6F5 /* NetworkUrl.swift in Sources */ = {isa = PBXBuildFile; fileRef = 7683253C26C26580005CF6F5 /* NetworkUrl.swift */; };
		7683254226C28D9D005CF6F5 /* NetworkService.swift in Sources */ = {isa = PBXBuildFile; fileRef = 7683254126C28D9D005CF6F5 /* NetworkService.swift */; };
		76BADB5026CAB8A8005DA5FD /* UserDefaultManager.swift in Sources */ = {isa = PBXBuildFile; fileRef = 76BADB4F26CAB8A8005DA5FD /* UserDefaultManager.swift */; };
		76BF1DA626C120D5007B348D /* GenreViewController.swift in Sources */ = {isa = PBXBuildFile; fileRef = 76BF1DA526C120D5007B348D /* GenreViewController.swift */; };
		76BF1DA826C12100007B348D /* MovieViewController.swift in Sources */ = {isa = PBXBuildFile; fileRef = 76BF1DA726C12100007B348D /* MovieViewController.swift */; };
		76BF1DAA26C1211A007B348D /* MovieDescriptionViewController.swift in Sources */ = {isa = PBXBuildFile; fileRef = 76BF1DA926C1211A007B348D /* MovieDescriptionViewController.swift */; };
		76BF1DAC26C12C5F007B348D /* SettingsViewController.swift in Sources */ = {isa = PBXBuildFile; fileRef = 76BF1DAB26C12C5F007B348D /* SettingsViewController.swift */; };
		76BF1DB226C15225007B348D /* NetworkManager.swift in Sources */ = {isa = PBXBuildFile; fileRef = 76BF1DB126C15225007B348D /* NetworkManager.swift */; };
		76C03ED526C3B7A100F1D1BB /* NetworkFetcher.swift in Sources */ = {isa = PBXBuildFile; fileRef = 76C03ED426C3B7A100F1D1BB /* NetworkFetcher.swift */; };
		76C03ED726C3C27000F1D1BB /* NilPointerError.swift in Sources */ = {isa = PBXBuildFile; fileRef = 76C03ED626C3C27000F1D1BB /* NilPointerError.swift */; };
		76E1783926C50F5400E6EA48 /* GenreCollectionViewCell.swift in Sources */ = {isa = PBXBuildFile; fileRef = 76E1783826C50F5400E6EA48 /* GenreCollectionViewCell.swift */; };
		76E1783B26C53C3A00E6EA48 /* MovieCollectionViewCell.swift in Sources */ = {isa = PBXBuildFile; fileRef = 76E1783A26C53C3A00E6EA48 /* MovieCollectionViewCell.swift */; };
		76F04E1C26BD7DF0007EB7EA /* AppDelegate.swift in Sources */ = {isa = PBXBuildFile; fileRef = 76F04E1B26BD7DF0007EB7EA /* AppDelegate.swift */; };
		76F04E1E26BD7DF0007EB7EA /* SceneDelegate.swift in Sources */ = {isa = PBXBuildFile; fileRef = 76F04E1D26BD7DF0007EB7EA /* SceneDelegate.swift */; };
		76F04E2026BD7DF0007EB7EA /* ViewController.swift in Sources */ = {isa = PBXBuildFile; fileRef = 76F04E1F26BD7DF0007EB7EA /* ViewController.swift */; };
		76F04E2326BD7DF0007EB7EA /* Main.storyboard in Resources */ = {isa = PBXBuildFile; fileRef = 76F04E2126BD7DF0007EB7EA /* Main.storyboard */; };
		76F04E2526BD7DF1007EB7EA /* Assets.xcassets in Resources */ = {isa = PBXBuildFile; fileRef = 76F04E2426BD7DF1007EB7EA /* Assets.xcassets */; };
		76F04E2826BD7DF1007EB7EA /* LaunchScreen.storyboard in Resources */ = {isa = PBXBuildFile; fileRef = 76F04E2626BD7DF1007EB7EA /* LaunchScreen.storyboard */; };
/* End PBXBuildFile section */

/* Begin PBXFileReference section */
		465D38AF26C62E0000CD3A73 /* LanguageOptionCollectionViewCell.swift */ = {isa = PBXFileReference; lastKnownFileType = sourcecode.swift; path = LanguageOptionCollectionViewCell.swift; sourceTree = "<group>"; };
		465D38BC26C669CE00CD3A73 /* LanguageView.xib */ = {isa = PBXFileReference; lastKnownFileType = file.xib; path = LanguageView.xib; sourceTree = "<group>"; };
		465D38BF26C669D900CD3A73 /* LanguageView.swift */ = {isa = PBXFileReference; lastKnownFileType = sourcecode.swift; path = LanguageView.swift; sourceTree = "<group>"; };
		465D38CD26C66BF400CD3A73 /* SegmentControlView.xib */ = {isa = PBXFileReference; lastKnownFileType = file.xib; path = SegmentControlView.xib; sourceTree = "<group>"; };
		465D38D026C66BFF00CD3A73 /* SegmentControlView.swift */ = {isa = PBXFileReference; lastKnownFileType = sourcecode.swift; path = SegmentControlView.swift; sourceTree = "<group>"; };
		469A4E0D26CA1C0300EF55D5 /* RatingView.swift */ = {isa = PBXFileReference; lastKnownFileType = sourcecode.swift; path = RatingView.swift; sourceTree = "<group>"; };
		469A4E2026CA3DE900EF55D5 /* CustomAlertViewController.swift */ = {isa = PBXFileReference; lastKnownFileType = sourcecode.swift; path = CustomAlertViewController.swift; sourceTree = "<group>"; };
		469A4E2326CA3F8E00EF55D5 /* BaseViewController.swift */ = {isa = PBXFileReference; lastKnownFileType = sourcecode.swift; path = BaseViewController.swift; sourceTree = "<group>"; };
		7683253326C25635005CF6F5 /* GenreList.swift */ = {isa = PBXFileReference; lastKnownFileType = sourcecode.swift; path = GenreList.swift; sourceTree = "<group>"; };
		7683253526C25641005CF6F5 /* MovieList.swift */ = {isa = PBXFileReference; lastKnownFileType = sourcecode.swift; path = MovieList.swift; sourceTree = "<group>"; };
		7683253726C2567D005CF6F5 /* MovieDescription.swift */ = {isa = PBXFileReference; lastKnownFileType = sourcecode.swift; path = MovieDescription.swift; sourceTree = "<group>"; };
		7683253A26C25E5B005CF6F5 /* GenreImageUrl.swift */ = {isa = PBXFileReference; lastKnownFileType = sourcecode.swift; path = GenreImageUrl.swift; sourceTree = "<group>"; };
		7683253C26C26580005CF6F5 /* NetworkUrl.swift */ = {isa = PBXFileReference; lastKnownFileType = sourcecode.swift; path = NetworkUrl.swift; sourceTree = "<group>"; };
		7683254126C28D9D005CF6F5 /* NetworkService.swift */ = {isa = PBXFileReference; lastKnownFileType = sourcecode.swift; path = NetworkService.swift; sourceTree = "<group>"; };
		76BADB4F26CAB8A8005DA5FD /* UserDefaultManager.swift */ = {isa = PBXFileReference; lastKnownFileType = sourcecode.swift; path = UserDefaultManager.swift; sourceTree = "<group>"; };
		76BF1DA526C120D5007B348D /* GenreViewController.swift */ = {isa = PBXFileReference; lastKnownFileType = sourcecode.swift; path = GenreViewController.swift; sourceTree = "<group>"; };
		76BF1DA726C12100007B348D /* MovieViewController.swift */ = {isa = PBXFileReference; lastKnownFileType = sourcecode.swift; path = MovieViewController.swift; sourceTree = "<group>"; };
		76BF1DA926C1211A007B348D /* MovieDescriptionViewController.swift */ = {isa = PBXFileReference; lastKnownFileType = sourcecode.swift; path = MovieDescriptionViewController.swift; sourceTree = "<group>"; };
		76BF1DAB26C12C5F007B348D /* SettingsViewController.swift */ = {isa = PBXFileReference; lastKnownFileType = sourcecode.swift; path = SettingsViewController.swift; sourceTree = "<group>"; };
		76BF1DB126C15225007B348D /* NetworkManager.swift */ = {isa = PBXFileReference; lastKnownFileType = sourcecode.swift; path = NetworkManager.swift; sourceTree = "<group>"; };
		76C03ED426C3B7A100F1D1BB /* NetworkFetcher.swift */ = {isa = PBXFileReference; lastKnownFileType = sourcecode.swift; path = NetworkFetcher.swift; sourceTree = "<group>"; };
		76C03ED626C3C27000F1D1BB /* NilPointerError.swift */ = {isa = PBXFileReference; lastKnownFileType = sourcecode.swift; path = NilPointerError.swift; sourceTree = "<group>"; };
		76E1783826C50F5400E6EA48 /* GenreCollectionViewCell.swift */ = {isa = PBXFileReference; lastKnownFileType = sourcecode.swift; path = GenreCollectionViewCell.swift; sourceTree = "<group>"; };
		76E1783A26C53C3A00E6EA48 /* MovieCollectionViewCell.swift */ = {isa = PBXFileReference; lastKnownFileType = sourcecode.swift; path = MovieCollectionViewCell.swift; sourceTree = "<group>"; };
		76F04E1826BD7DF0007EB7EA /* MoviMate.app */ = {isa = PBXFileReference; explicitFileType = wrapper.application; includeInIndex = 0; path = MoviMate.app; sourceTree = BUILT_PRODUCTS_DIR; };
		76F04E1B26BD7DF0007EB7EA /* AppDelegate.swift */ = {isa = PBXFileReference; lastKnownFileType = sourcecode.swift; path = AppDelegate.swift; sourceTree = "<group>"; };
		76F04E1D26BD7DF0007EB7EA /* SceneDelegate.swift */ = {isa = PBXFileReference; lastKnownFileType = sourcecode.swift; path = SceneDelegate.swift; sourceTree = "<group>"; };
		76F04E1F26BD7DF0007EB7EA /* ViewController.swift */ = {isa = PBXFileReference; lastKnownFileType = sourcecode.swift; path = ViewController.swift; sourceTree = "<group>"; };
		76F04E2226BD7DF0007EB7EA /* Base */ = {isa = PBXFileReference; lastKnownFileType = file.storyboard; name = Base; path = Base.lproj/Main.storyboard; sourceTree = "<group>"; };
		76F04E2426BD7DF1007EB7EA /* Assets.xcassets */ = {isa = PBXFileReference; lastKnownFileType = folder.assetcatalog; path = Assets.xcassets; sourceTree = "<group>"; };
		76F04E2726BD7DF1007EB7EA /* Base */ = {isa = PBXFileReference; lastKnownFileType = file.storyboard; name = Base; path = Base.lproj/LaunchScreen.storyboard; sourceTree = "<group>"; };
		76F04E2926BD7DF1007EB7EA /* Info.plist */ = {isa = PBXFileReference; lastKnownFileType = text.plist.xml; path = Info.plist; sourceTree = "<group>"; };
/* End PBXFileReference section */

/* Begin PBXFrameworksBuildPhase section */
		76F04E1526BD7DF0007EB7EA /* Frameworks */ = {
			isa = PBXFrameworksBuildPhase;
			buildActionMask = 2147483647;
			files = (
			);
			runOnlyForDeploymentPostprocessing = 0;
		};
/* End PBXFrameworksBuildPhase section */

/* Begin PBXGroup section */
		7683252F26C25357005CF6F5 /* Models */ = {
			isa = PBXGroup;
			children = (
				7683253326C25635005CF6F5 /* GenreList.swift */,
				7683253526C25641005CF6F5 /* MovieList.swift */,
				7683253726C2567D005CF6F5 /* MovieDescription.swift */,
				76C03ED626C3C27000F1D1BB /* NilPointerError.swift */,
			);
			path = Models;
			sourceTree = "<group>";
		};
		7683253926C25D8F005CF6F5 /* Enums */ = {
			isa = PBXGroup;
			children = (
				7683253A26C25E5B005CF6F5 /* GenreImageUrl.swift */,
				7683253C26C26580005CF6F5 /* NetworkUrl.swift */,
			);
			path = Enums;
			sourceTree = "<group>";
		};
		76BADB4E26CAB87C005DA5FD /* WareHouse */ = {
			isa = PBXGroup;
			children = (
				76BADB4F26CAB8A8005DA5FD /* UserDefaultManager.swift */,
			);
			path = WareHouse;
			sourceTree = "<group>";
		};
		76BF1DAD26C151B4007B348D /* Controller */ = {
			isa = PBXGroup;
			children = (
				76F04E1F26BD7DF0007EB7EA /* ViewController.swift */,
				76BF1DA526C120D5007B348D /* GenreViewController.swift */,
				76BF1DA726C12100007B348D /* MovieViewController.swift */,
				76BF1DA926C1211A007B348D /* MovieDescriptionViewController.swift */,
				76BF1DAB26C12C5F007B348D /* SettingsViewController.swift */,
				469A4E2026CA3DE900EF55D5 /* CustomAlertViewController.swift */,
				469A4E2326CA3F8E00EF55D5 /* BaseViewController.swift */,
			);
			path = Controller;
			sourceTree = "<group>";
		};
		76BF1DAE26C151BF007B348D /* View */ = {
			isa = PBXGroup;
			children = (
				76E1783826C50F5400E6EA48 /* GenreCollectionViewCell.swift */,
				76E1783A26C53C3A00E6EA48 /* MovieCollectionViewCell.swift */,
				465D38AF26C62E0000CD3A73 /* LanguageOptionCollectionViewCell.swift */,
				465D38BC26C669CE00CD3A73 /* LanguageView.xib */,
				465D38BF26C669D900CD3A73 /* LanguageView.swift */,
				465D38CD26C66BF400CD3A73 /* SegmentControlView.xib */,
				465D38D026C66BFF00CD3A73 /* SegmentControlView.swift */,
				469A4E0D26CA1C0300EF55D5 /* RatingView.swift */,
			);
			name = View;
			sourceTree = "<group>";
		};
		76BF1DAF26C151DA007B348D /* Resources */ = {
			isa = PBXGroup;
			children = (
				76F04E1B26BD7DF0007EB7EA /* AppDelegate.swift */,
				76F04E1D26BD7DF0007EB7EA /* SceneDelegate.swift */,
				76F04E2126BD7DF0007EB7EA /* Main.storyboard */,
				76F04E2426BD7DF1007EB7EA /* Assets.xcassets */,
				76F04E2626BD7DF1007EB7EA /* LaunchScreen.storyboard */,
			);
			path = Resources;
			sourceTree = "<group>";
		};
		76BF1DB026C151F3007B348D /* Networking */ = {
			isa = PBXGroup;
			children = (
				76BF1DB126C15225007B348D /* NetworkManager.swift */,
				7683254126C28D9D005CF6F5 /* NetworkService.swift */,
				76C03ED426C3B7A100F1D1BB /* NetworkFetcher.swift */,
			);
			path = Networking;
			sourceTree = "<group>";
		};
		76F04E0F26BD7DF0007EB7EA = {
			isa = PBXGroup;
			children = (
				76F04E1A26BD7DF0007EB7EA /* MoviMate */,
				76F04E1926BD7DF0007EB7EA /* Products */,
			);
			sourceTree = "<group>";
		};
		76F04E1926BD7DF0007EB7EA /* Products */ = {
			isa = PBXGroup;
			children = (
				76F04E1826BD7DF0007EB7EA /* MoviMate.app */,
			);
			name = Products;
			sourceTree = "<group>";
		};
		76F04E1A26BD7DF0007EB7EA /* MoviMate */ = {
			isa = PBXGroup;
			children = (
				76BADB4E26CAB87C005DA5FD /* WareHouse */,
				7683252F26C25357005CF6F5 /* Models */,
				7683253926C25D8F005CF6F5 /* Enums */,
				76BF1DB026C151F3007B348D /* Networking */,
				76BF1DAE26C151BF007B348D /* View */,
				76BF1DAD26C151B4007B348D /* Controller */,
				76BF1DAF26C151DA007B348D /* Resources */,
				76F04E2926BD7DF1007EB7EA /* Info.plist */,
			);
			path = MoviMate;
			sourceTree = "<group>";
		};
/* End PBXGroup section */

/* Begin PBXNativeTarget section */
		76F04E1726BD7DF0007EB7EA /* MoviMate */ = {
			isa = PBXNativeTarget;
			buildConfigurationList = 76F04E2C26BD7DF1007EB7EA /* Build configuration list for PBXNativeTarget "MoviMate" */;
			buildPhases = (
				76F04E1426BD7DF0007EB7EA /* Sources */,
				76F04E1526BD7DF0007EB7EA /* Frameworks */,
				76F04E1626BD7DF0007EB7EA /* Resources */,
			);
			buildRules = (
			);
			dependencies = (
			);
			name = MoviMate;
			productName = MoviMate;
			productReference = 76F04E1826BD7DF0007EB7EA /* MoviMate.app */;
			productType = "com.apple.product-type.application";
		};
/* End PBXNativeTarget section */

/* Begin PBXProject section */
		76F04E1026BD7DF0007EB7EA /* Project object */ = {
			isa = PBXProject;
			attributes = {
				LastSwiftUpdateCheck = 1250;
				LastUpgradeCheck = 1250;
				TargetAttributes = {
					76F04E1726BD7DF0007EB7EA = {
						CreatedOnToolsVersion = 12.5.1;
					};
				};
			};
			buildConfigurationList = 76F04E1326BD7DF0007EB7EA /* Build configuration list for PBXProject "MoviMate" */;
			compatibilityVersion = "Xcode 9.3";
			developmentRegion = en;
			hasScannedForEncodings = 0;
			knownRegions = (
				en,
				Base,
			);
			mainGroup = 76F04E0F26BD7DF0007EB7EA;
			productRefGroup = 76F04E1926BD7DF0007EB7EA /* Products */;
			projectDirPath = "";
			projectRoot = "";
			targets = (
				76F04E1726BD7DF0007EB7EA /* MoviMate */,
			);
		};
/* End PBXProject section */

/* Begin PBXResourcesBuildPhase section */
		76F04E1626BD7DF0007EB7EA /* Resources */ = {
			isa = PBXResourcesBuildPhase;
			buildActionMask = 2147483647;
			files = (
				465D38CE26C66BF400CD3A73 /* SegmentControlView.xib in Resources */,
				465D38BD26C669CE00CD3A73 /* LanguageView.xib in Resources */,
				76F04E2826BD7DF1007EB7EA /* LaunchScreen.storyboard in Resources */,
				76F04E2526BD7DF1007EB7EA /* Assets.xcassets in Resources */,
				76F04E2326BD7DF0007EB7EA /* Main.storyboard in Resources */,
			);
			runOnlyForDeploymentPostprocessing = 0;
		};
/* End PBXResourcesBuildPhase section */

/* Begin PBXSourcesBuildPhase section */
		76F04E1426BD7DF0007EB7EA /* Sources */ = {
			isa = PBXSourcesBuildPhase;
			buildActionMask = 2147483647;
			files = (
				7683253826C2567D005CF6F5 /* MovieDescription.swift in Sources */,
				465D38D126C66BFF00CD3A73 /* SegmentControlView.swift in Sources */,
				465D38C026C669D900CD3A73 /* LanguageView.swift in Sources */,
				465D38B026C62E0000CD3A73 /* LanguageOptionCollectionViewCell.swift in Sources */,
				7683253426C25635005CF6F5 /* GenreList.swift in Sources */,
				76BF1DA626C120D5007B348D /* GenreViewController.swift in Sources */,
				469A4E0E26CA1C0400EF55D5 /* RatingView.swift in Sources */,
				76BF1DA826C12100007B348D /* MovieViewController.swift in Sources */,
				76BF1DAC26C12C5F007B348D /* SettingsViewController.swift in Sources */,
				7683253626C25641005CF6F5 /* MovieList.swift in Sources */,
				76BF1DAA26C1211A007B348D /* MovieDescriptionViewController.swift in Sources */,
				76BF1DB226C15225007B348D /* NetworkManager.swift in Sources */,
				76F04E2026BD7DF0007EB7EA /* ViewController.swift in Sources */,
				76C03ED526C3B7A100F1D1BB /* NetworkFetcher.swift in Sources */,
				7683254226C28D9D005CF6F5 /* NetworkService.swift in Sources */,
				76E1783B26C53C3A00E6EA48 /* MovieCollectionViewCell.swift in Sources */,
				7683253B26C25E5B005CF6F5 /* GenreImageUrl.swift in Sources */,
				76F04E1C26BD7DF0007EB7EA /* AppDelegate.swift in Sources */,
				76C03ED726C3C27000F1D1BB /* NilPointerError.swift in Sources */,
				469A4E2426CA3F8E00EF55D5 /* BaseViewController.swift in Sources */,
				469A4E2126CA3DE900EF55D5 /* CustomAlertViewController.swift in Sources */,
				76BADB5026CAB8A8005DA5FD /* UserDefaultManager.swift in Sources */,
				7683253D26C26580005CF6F5 /* NetworkUrl.swift in Sources */,
				76E1783926C50F5400E6EA48 /* GenreCollectionViewCell.swift in Sources */,
				76F04E1E26BD7DF0007EB7EA /* SceneDelegate.swift in Sources */,
			);
			runOnlyForDeploymentPostprocessing = 0;
		};
/* End PBXSourcesBuildPhase section */

/* Begin PBXVariantGroup section */
		76F04E2126BD7DF0007EB7EA /* Main.storyboard */ = {
			isa = PBXVariantGroup;
			children = (
				76F04E2226BD7DF0007EB7EA /* Base */,
			);
			name = Main.storyboard;
			sourceTree = "<group>";
		};
		76F04E2626BD7DF1007EB7EA /* LaunchScreen.storyboard */ = {
			isa = PBXVariantGroup;
			children = (
				76F04E2726BD7DF1007EB7EA /* Base */,
			);
			name = LaunchScreen.storyboard;
			sourceTree = "<group>";
		};
/* End PBXVariantGroup section */

/* Begin XCBuildConfiguration section */
		76F04E2A26BD7DF1007EB7EA /* Debug */ = {
			isa = XCBuildConfiguration;
			buildSettings = {
				ALWAYS_SEARCH_USER_PATHS = NO;
				CLANG_ANALYZER_NONNULL = YES;
				CLANG_ANALYZER_NUMBER_OBJECT_CONVERSION = YES_AGGRESSIVE;
				CLANG_CXX_LANGUAGE_STANDARD = "gnu++14";
				CLANG_CXX_LIBRARY = "libc++";
				CLANG_ENABLE_MODULES = YES;
				CLANG_ENABLE_OBJC_ARC = YES;
				CLANG_ENABLE_OBJC_WEAK = YES;
				CLANG_WARN_BLOCK_CAPTURE_AUTORELEASING = YES;
				CLANG_WARN_BOOL_CONVERSION = YES;
				CLANG_WARN_COMMA = YES;
				CLANG_WARN_CONSTANT_CONVERSION = YES;
				CLANG_WARN_DEPRECATED_OBJC_IMPLEMENTATIONS = YES;
				CLANG_WARN_DIRECT_OBJC_ISA_USAGE = YES_ERROR;
				CLANG_WARN_DOCUMENTATION_COMMENTS = YES;
				CLANG_WARN_EMPTY_BODY = YES;
				CLANG_WARN_ENUM_CONVERSION = YES;
				CLANG_WARN_INFINITE_RECURSION = YES;
				CLANG_WARN_INT_CONVERSION = YES;
				CLANG_WARN_NON_LITERAL_NULL_CONVERSION = YES;
				CLANG_WARN_OBJC_IMPLICIT_RETAIN_SELF = YES;
				CLANG_WARN_OBJC_LITERAL_CONVERSION = YES;
				CLANG_WARN_OBJC_ROOT_CLASS = YES_ERROR;
				CLANG_WARN_QUOTED_INCLUDE_IN_FRAMEWORK_HEADER = YES;
				CLANG_WARN_RANGE_LOOP_ANALYSIS = YES;
				CLANG_WARN_STRICT_PROTOTYPES = YES;
				CLANG_WARN_SUSPICIOUS_MOVE = YES;
				CLANG_WARN_UNGUARDED_AVAILABILITY = YES_AGGRESSIVE;
				CLANG_WARN_UNREACHABLE_CODE = YES;
				CLANG_WARN__DUPLICATE_METHOD_MATCH = YES;
				COPY_PHASE_STRIP = NO;
				DEBUG_INFORMATION_FORMAT = dwarf;
				ENABLE_STRICT_OBJC_MSGSEND = YES;
				ENABLE_TESTABILITY = YES;
				GCC_C_LANGUAGE_STANDARD = gnu11;
				GCC_DYNAMIC_NO_PIC = NO;
				GCC_NO_COMMON_BLOCKS = YES;
				GCC_OPTIMIZATION_LEVEL = 0;
				GCC_PREPROCESSOR_DEFINITIONS = (
					"DEBUG=1",
					"$(inherited)",
				);
				GCC_WARN_64_TO_32_BIT_CONVERSION = YES;
				GCC_WARN_ABOUT_RETURN_TYPE = YES_ERROR;
				GCC_WARN_UNDECLARED_SELECTOR = YES;
				GCC_WARN_UNINITIALIZED_AUTOS = YES_AGGRESSIVE;
				GCC_WARN_UNUSED_FUNCTION = YES;
				GCC_WARN_UNUSED_VARIABLE = YES;
				IPHONEOS_DEPLOYMENT_TARGET = 14.1;
				MTL_ENABLE_DEBUG_INFO = INCLUDE_SOURCE;
				MTL_FAST_MATH = YES;
				ONLY_ACTIVE_ARCH = YES;
				SDKROOT = iphoneos;
				SWIFT_ACTIVE_COMPILATION_CONDITIONS = DEBUG;
				SWIFT_OPTIMIZATION_LEVEL = "-Onone";
			};
			name = Debug;
		};
		76F04E2B26BD7DF1007EB7EA /* Release */ = {
			isa = XCBuildConfiguration;
			buildSettings = {
				ALWAYS_SEARCH_USER_PATHS = NO;
				CLANG_ANALYZER_NONNULL = YES;
				CLANG_ANALYZER_NUMBER_OBJECT_CONVERSION = YES_AGGRESSIVE;
				CLANG_CXX_LANGUAGE_STANDARD = "gnu++14";
				CLANG_CXX_LIBRARY = "libc++";
				CLANG_ENABLE_MODULES = YES;
				CLANG_ENABLE_OBJC_ARC = YES;
				CLANG_ENABLE_OBJC_WEAK = YES;
				CLANG_WARN_BLOCK_CAPTURE_AUTORELEASING = YES;
				CLANG_WARN_BOOL_CONVERSION = YES;
				CLANG_WARN_COMMA = YES;
				CLANG_WARN_CONSTANT_CONVERSION = YES;
				CLANG_WARN_DEPRECATED_OBJC_IMPLEMENTATIONS = YES;
				CLANG_WARN_DIRECT_OBJC_ISA_USAGE = YES_ERROR;
				CLANG_WARN_DOCUMENTATION_COMMENTS = YES;
				CLANG_WARN_EMPTY_BODY = YES;
				CLANG_WARN_ENUM_CONVERSION = YES;
				CLANG_WARN_INFINITE_RECURSION = YES;
				CLANG_WARN_INT_CONVERSION = YES;
				CLANG_WARN_NON_LITERAL_NULL_CONVERSION = YES;
				CLANG_WARN_OBJC_IMPLICIT_RETAIN_SELF = YES;
				CLANG_WARN_OBJC_LITERAL_CONVERSION = YES;
				CLANG_WARN_OBJC_ROOT_CLASS = YES_ERROR;
				CLANG_WARN_QUOTED_INCLUDE_IN_FRAMEWORK_HEADER = YES;
				CLANG_WARN_RANGE_LOOP_ANALYSIS = YES;
				CLANG_WARN_STRICT_PROTOTYPES = YES;
				CLANG_WARN_SUSPICIOUS_MOVE = YES;
				CLANG_WARN_UNGUARDED_AVAILABILITY = YES_AGGRESSIVE;
				CLANG_WARN_UNREACHABLE_CODE = YES;
				CLANG_WARN__DUPLICATE_METHOD_MATCH = YES;
				COPY_PHASE_STRIP = NO;
				DEBUG_INFORMATION_FORMAT = "dwarf-with-dsym";
				ENABLE_NS_ASSERTIONS = NO;
				ENABLE_STRICT_OBJC_MSGSEND = YES;
				GCC_C_LANGUAGE_STANDARD = gnu11;
				GCC_NO_COMMON_BLOCKS = YES;
				GCC_WARN_64_TO_32_BIT_CONVERSION = YES;
				GCC_WARN_ABOUT_RETURN_TYPE = YES_ERROR;
				GCC_WARN_UNDECLARED_SELECTOR = YES;
				GCC_WARN_UNINITIALIZED_AUTOS = YES_AGGRESSIVE;
				GCC_WARN_UNUSED_FUNCTION = YES;
				GCC_WARN_UNUSED_VARIABLE = YES;
				IPHONEOS_DEPLOYMENT_TARGET = 14.1;
				MTL_ENABLE_DEBUG_INFO = NO;
				MTL_FAST_MATH = YES;
				SDKROOT = iphoneos;
				SWIFT_COMPILATION_MODE = wholemodule;
				SWIFT_OPTIMIZATION_LEVEL = "-O";
				VALIDATE_PRODUCT = YES;
			};
			name = Release;
		};
		76F04E2D26BD7DF1007EB7EA /* Debug */ = {
			isa = XCBuildConfiguration;
			buildSettings = {
				ASSETCATALOG_COMPILER_APPICON_NAME = AppIcon;
				ASSETCATALOG_COMPILER_GLOBAL_ACCENT_COLOR_NAME = AccentColor;
				CODE_SIGN_STYLE = Automatic;
				DEVELOPMENT_TEAM = Z6ZGCN7K4G;
				INFOPLIST_FILE = MoviMate/Info.plist;
				LD_RUNPATH_SEARCH_PATHS = (
					"$(inherited)",
					"@executable_path/Frameworks",
				);
				PRODUCT_BUNDLE_IDENTIFIER = com.movimate.alikevich.MoviMate;
				PRODUCT_NAME = "$(TARGET_NAME)";
				SWIFT_VERSION = 5.0;
				TARGETED_DEVICE_FAMILY = "1,2";
			};
			name = Debug;
		};
		76F04E2E26BD7DF1007EB7EA /* Release */ = {
			isa = XCBuildConfiguration;
			buildSettings = {
				ASSETCATALOG_COMPILER_APPICON_NAME = AppIcon;
				ASSETCATALOG_COMPILER_GLOBAL_ACCENT_COLOR_NAME = AccentColor;
				CODE_SIGN_STYLE = Automatic;
				DEVELOPMENT_TEAM = Z6ZGCN7K4G;
				INFOPLIST_FILE = MoviMate/Info.plist;
				LD_RUNPATH_SEARCH_PATHS = (
					"$(inherited)",
					"@executable_path/Frameworks",
				);
				PRODUCT_BUNDLE_IDENTIFIER = com.movimate.alikevich.MoviMate;
				PRODUCT_NAME = "$(TARGET_NAME)";
				SWIFT_VERSION = 5.0;
				TARGETED_DEVICE_FAMILY = "1,2";
			};
			name = Release;
		};
/* End XCBuildConfiguration section */

/* Begin XCConfigurationList section */
		76F04E1326BD7DF0007EB7EA /* Build configuration list for PBXProject "MoviMate" */ = {
			isa = XCConfigurationList;
			buildConfigurations = (
				76F04E2A26BD7DF1007EB7EA /* Debug */,
				76F04E2B26BD7DF1007EB7EA /* Release */,
			);
			defaultConfigurationIsVisible = 0;
			defaultConfigurationName = Release;
		};
		76F04E2C26BD7DF1007EB7EA /* Build configuration list for PBXNativeTarget "MoviMate" */ = {
			isa = XCConfigurationList;
			buildConfigurations = (
				76F04E2D26BD7DF1007EB7EA /* Debug */,
				76F04E2E26BD7DF1007EB7EA /* Release */,
			);
			defaultConfigurationIsVisible = 0;
			defaultConfigurationName = Release;
		};
/* End XCConfigurationList section */
	};
	rootObject = 76F04E1026BD7DF0007EB7EA /* Project object */;
}
